{
    "version": 3,
    "terraform_version": "0.11.1",
    "serial": 2,
    "lineage": "74c3e89f-f94c-4fd4-ba09-45fb30634f28",
    "modules": [
        {
            "path": [
                "root"
            ],
            "outputs": {},
            "resources": {
                "digitalocean_volume.docker": {
                    "type": "digitalocean_volume",
                    "depends_on": [],
                    "primary": {
                        "id": "75900cc7-fd3f-11e7-89a6-0242ac114005",
                        "attributes": {
                            "description": "volume to stored docker data",
                            "droplet_ids.#": "0",
                            "id": "75900cc7-fd3f-11e7-89a6-0242ac114005",
                            "name": "dockerdata",
                            "region": "nyc1",
                            "size": "10"
                        },
                        "meta": {},
                        "tainted": false
                    },
                    "deposed": [],
                    "provider": "provider.digitalocean"
                }
            },
            "depends_on": []
        }
    ]
}
